
Microsoft Visual Studio Solution File, Format Version 12.00
# Visual Studio Version 17
VisualStudioVersion = 17.0.31903.59
MinimumVisualStudioVersion = 10.0.40219.1
Project("{2150E333-8FDC-42A3-9474-1A3956D46DE8}") = "src", "src", "{827E0CD3-B72D-47B6-A68D-7590B98EB39B}"
EndProject
Project("{FAE04EC0-301F-11D3-BF4B-00C04F79EFBC}") = "ObservaStock.Shared", "src\ObservaStock.Shared\ObservaStock.Shared.csproj", "{23E947AC-20E4-4D8E-AD97-222A8AC10FD2}"
EndProject
Project("{FAE04EC0-301F-11D3-BF4B-00C04F79EFBC}") = "ObservaStock.TradingApi", "src\ObservaStock.TradingApi\ObservaStock.TradingApi.csproj", "{4BACE0CF-8A66-4860-8585-D61406F41F8A}"
EndProject
Project("{FAE04EC0-301F-11D3-BF4B-00C04F79EFBC}") = "ObservaStock.PriceService", "src\ObservaStock.PriceService\ObservaStock.PriceService.csproj", "{B6B9A921-3704-412E-BE33-15445E49376F}"
EndProject
Global
	GlobalSection(SolutionConfigurationPlatforms) = preSolution
		Debug|Any CPU = Debug|Any CPU
		Debug|x64 = Debug|x64
		Debug|x86 = Debug|x86
		Release|Any CPU = Release|Any CPU
		Release|x64 = Release|x64
		Release|x86 = Release|x86
	EndGlobalSection
	GlobalSection(ProjectConfigurationPlatforms) = postSolution
		{23E947AC-20E4-4D8E-AD97-222A8AC10FD2}.Debug|Any CPU.ActiveCfg = Debug|Any CPU
		{23E947AC-20E4-4D8E-AD97-222A8AC10FD2}.Debug|Any CPU.Build.0 = Debug|Any CPU
		{23E947AC-20E4-4D8E-AD97-222A8AC10FD2}.Debug|x64.ActiveCfg = Debug|Any CPU
		{23E947AC-20E4-4D8E-AD97-222A8AC10FD2}.Debug|x64.Build.0 = Debug|Any CPU
		{23E947AC-20E4-4D8E-AD97-222A8AC10FD2}.Debug|x86.ActiveCfg = Debug|Any CPU
		{23E947AC-20E4-4D8E-AD97-222A8AC10FD2}.Debug|x86.Build.0 = Debug|Any CPU
		{23E947AC-20E4-4D8E-AD97-222A8AC10FD2}.Release|Any CPU.ActiveCfg = Release|Any CPU
		{23E947AC-20E4-4D8E-AD97-222A8AC10FD2}.Release|Any CPU.Build.0 = Release|Any CPU
		{23E947AC-20E4-4D8E-AD97-222A8AC10FD2}.Release|x64.ActiveCfg = Release|Any CPU
		{23E947AC-20E4-4D8E-AD97-222A8AC10FD2}.Release|x64.Build.0 = Release|Any CPU
		{23E947AC-20E4-4D8E-AD97-222A8AC10FD2}.Release|x86.ActiveCfg = Release|Any CPU
		{23E947AC-20E4-4D8E-AD97-222A8AC10FD2}.Release|x86.Build.0 = Release|Any CPU
		{4BACE0CF-8A66-4860-8585-D61406F41F8A}.Debug|Any CPU.ActiveCfg = Debug|Any CPU
		{4BACE0CF-8A66-4860-8585-D61406F41F8A}.Debug|Any CPU.Build.0 = Debug|Any CPU
		{4BACE0CF-8A66-4860-8585-D61406F41F8A}.Debug|x64.ActiveCfg = Debug|Any CPU
		{4BACE0CF-8A66-4860-8585-D61406F41F8A}.Debug|x64.Build.0 = Debug|Any CPU
		{4BACE0CF-8A66-4860-8585-D61406F41F8A}.Debug|x86.ActiveCfg = Debug|Any CPU
		{4BACE0CF-8A66-4860-8585-D61406F41F8A}.Debug|x86.Build.0 = Debug|Any CPU
		{4BACE0CF-8A66-4860-8585-D61406F41F8A}.Release|Any CPU.ActiveCfg = Release|Any CPU
		{4BACE0CF-8A66-4860-8585-D61406F41F8A}.Release|Any CPU.Build.0 = Release|Any CPU
		{4BACE0CF-8A66-4860-8585-D61406F41F8A}.Release|x64.ActiveCfg = Release|Any CPU
		{4BACE0CF-8A66-4860-8585-D61406F41F8A}.Release|x64.Build.0 = Release|Any CPU
		{4BACE0CF-8A66-4860-8585-D61406F41F8A}.Release|x86.ActiveCfg = Release|Any CPU
		{4BACE0CF-8A66-4860-8585-D61406F41F8A}.Release|x86.Build.0 = Release|Any CPU
		{B6B9A921-3704-412E-BE33-15445E49376F}.Debug|Any CPU.ActiveCfg = Debug|Any CPU
		{B6B9A921-3704-412E-BE33-15445E49376F}.Debug|Any CPU.Build.0 = Debug|Any CPU
		{B6B9A921-3704-412E-BE33-15445E49376F}.Debug|x64.ActiveCfg = Debug|Any CPU
		{B6B9A921-3704-412E-BE33-15445E49376F}.Debug|x64.Build.0 = Debug|Any CPU
		{B6B9A921-3704-412E-BE33-15445E49376F}.Debug|x86.ActiveCfg = Debug|Any CPU
		{B6B9A921-3704-412E-BE33-15445E49376F}.Debug|x86.Build.0 = Debug|Any CPU
		{B6B9A921-3704-412E-BE33-15445E49376F}.Release|Any CPU.ActiveCfg = Release|Any CPU
		{B6B9A921-3704-412E-BE33-15445E49376F}.Release|Any CPU.Build.0 = Release|Any CPU
		{B6B9A921-3704-412E-BE33-15445E49376F}.Release|x64.ActiveCfg = Release|Any CPU
		{B6B9A921-3704-412E-BE33-15445E49376F}.Release|x64.Build.0 = Release|Any CPU
		{B6B9A921-3704-412E-BE33-15445E49376F}.Release|x86.ActiveCfg = Release|Any CPU
		{B6B9A921-3704-412E-BE33-15445E49376F}.Release|x86.Build.0 = Release|Any CPU
	EndGlobalSection
	GlobalSection(SolutionProperties) = preSolution
		HideSolutionNode = FALSE
	EndGlobalSection
	GlobalSection(NestedProjects) = preSolution
		{23E947AC-20E4-4D8E-AD97-222A8AC10FD2} = {827E0CD3-B72D-47B6-A68D-7590B98EB39B}
		{4BACE0CF-8A66-4860-8585-D61406F41F8A} = {827E0CD3-B72D-47B6-A68D-7590B98EB39B}
		{B6B9A921-3704-412E-BE33-15445E49376F} = {827E0CD3-B72D-47B6-A68D-7590B98EB39B}
	EndGlobalSection
EndGlobal
